
Microsoft Visual Studio Solution File, Format Version 12.00
# Visual Studio Version 17
VisualStudioVersion = 17.3.32811.315
MinimumVisualStudioVersion = 10.0.40219.1
Project("{9A19103F-16F7-4668-BE54-9A1E7A4F7556}") = "InventoryControl", "InventoryControl.csproj", "{52CF1DAD-25FF-48C5-8FF6-E290CB77DA62}"
EndProject
Project("{9A19103F-16F7-4668-BE54-9A1E7A4F7556}") = "Data", "Data\Data.csproj", "{780D23FC-1F3A-4C9A-B36D-5D37369BC852}"
EndProject
Global
	GlobalSection(SolutionConfigurationPlatforms) = preSolution
		Debug|Any CPU = Debug|Any CPU
		Release|Any CPU = Release|Any CPU
	EndGlobalSection
	GlobalSection(ProjectConfigurationPlatforms) = postSolution
		{52CF1DAD-25FF-48C5-8FF6-E290CB77DA62}.Debug|Any CPU.ActiveCfg = Debug|Any CPU
		{52CF1DAD-25FF-48C5-8FF6-E290CB77DA62}.Debug|Any CPU.Build.0 = Debug|Any CPU
		{52CF1DAD-25FF-48C5-8FF6-E290CB77DA62}.Release|Any CPU.ActiveCfg = Release|Any CPU
		{52CF1DAD-25FF-48C5-8FF6-E290CB77DA62}.Release|Any CPU.Build.0 = Release|Any CPU
		{780D23FC-1F3A-4C9A-B36D-5D37369BC852}.Debug|Any CPU.ActiveCfg = Debug|Any CPU
		{780D23FC-1F3A-4C9A-B36D-5D37369BC852}.Debug|Any CPU.Build.0 = Debug|Any CPU
		{780D23FC-1F3A-4C9A-B36D-5D37369BC852}.Release|Any CPU.ActiveCfg = Release|Any CPU
		{780D23FC-1F3A-4C9A-B36D-5D37369BC852}.Release|Any CPU.Build.0 = Release|Any CPU
	EndGlobalSection
	GlobalSection(SolutionProperties) = preSolution
		HideSolutionNode = FALSE
	EndGlobalSection
	GlobalSection(ExtensibilityGlobals) = postSolution
		SolutionGuid = {77843B26-B8EC-43F2-9C8F-850DACBA6F4C}
	EndGlobalSection
EndGlobal
